
Microsoft Visual Studio Solution File, Format Version 12.00
# Visual Studio 15
VisualStudioVersion = 15.0.27428.2011
MinimumVisualStudioVersion = 10.0.40219.1
Project("{FAE04EC0-301F-11D3-BF4B-00C04F79EFBC}") = "MySystem_admin", "MySystem_admin\MySystem_admin.csproj", "{CE9A7236-9BE5-4560-A292-D1E7271328C3}"
EndProject
Global
	GlobalSection(SolutionConfigurationPlatforms) = preSolution
		Debug|Any CPU = Debug|Any CPU
		Release|Any CPU = Release|Any CPU
	EndGlobalSection
	GlobalSection(ProjectConfigurationPlatforms) = postSolution
		{CE9A7236-9BE5-4560-A292-D1E7271328C3}.Debug|Any CPU.ActiveCfg = Debug|Any CPU
		{CE9A7236-9BE5-4560-A292-D1E7271328C3}.Debug|Any CPU.Build.0 = Debug|Any CPU
		{CE9A7236-9BE5-4560-A292-D1E7271328C3}.Release|Any CPU.ActiveCfg = Release|Any CPU
		{CE9A7236-9BE5-4560-A292-D1E7271328C3}.Release|Any CPU.Build.0 = Release|Any CPU
	EndGlobalSection
	GlobalSection(SolutionProperties) = preSolution
		HideSolutionNode = FALSE
	EndGlobalSection
	GlobalSection(ExtensibilityGlobals) = postSolution
		SolutionGuid = {9F735FE1-1B0F-495E-AC49-055E7AB6964A}
	EndGlobalSection
EndGlobal
